
Microsoft Visual Studio Solution File, Format Version 12.00
# Visual Studio Version 17
VisualStudioVersion = 17.13.35828.75 d17.13
MinimumVisualStudioVersion = 10.0.40219.1
Project("{FAE04EC0-301F-11D3-BF4B-00C04F79EFBC}") = "ValidaNickname", "ValidaNickname.csproj", "{3D0ED067-816E-4871-ADE5-F9A001517381}"
EndProject
Global
	GlobalSection(SolutionConfigurationPlatforms) = preSolution
		Debug|Any CPU = Debug|Any CPU
		Release|Any CPU = Release|Any CPU
	EndGlobalSection
	GlobalSection(ProjectConfigurationPlatforms) = postSolution
		{3D0ED067-816E-4871-ADE5-F9A001517381}.Debug|Any CPU.ActiveCfg = Debug|Any CPU
		{3D0ED067-816E-4871-ADE5-F9A001517381}.Debug|Any CPU.Build.0 = Debug|Any CPU
		{3D0ED067-816E-4871-ADE5-F9A001517381}.Release|Any CPU.ActiveCfg = Release|Any CPU
		{3D0ED067-816E-4871-ADE5-F9A001517381}.Release|Any CPU.Build.0 = Release|Any CPU
	EndGlobalSection
	GlobalSection(SolutionProperties) = preSolution
		HideSolutionNode = FALSE
	EndGlobalSection
	GlobalSection(ExtensibilityGlobals) = postSolution
		SolutionGuid = {7C999742-367F-4C04-A14C-8838174D87BA}
	EndGlobalSection
EndGlobal
